
Microsoft Visual Studio Solution File, Format Version 12.00
# Visual Studio Version 17
VisualStudioVersion = 17.4.33205.214
MinimumVisualStudioVersion = 10.0.40219.1
Project("{9A19103F-16F7-4668-BE54-9A1E7A4F7556}") = "Algorithms", "Algorithms\Algorithms.csproj", "{B5E8B403-1893-4152-BE74-7854E69D76A5}"
EndProject
Project("{9A19103F-16F7-4668-BE54-9A1E7A4F7556}") = "AlgorithmsTest", "AlgorithmsTest\AlgorithmsTest.csproj", "{BA2772E1-FFFD-4850-BDE5-8932D4390742}"
EndProject
Project("{9A19103F-16F7-4668-BE54-9A1E7A4F7556}") = "SandboxProject", "SandboxProject\SandboxProject.csproj", "{AD6535D3-ED58-40D2-BBDF-85046E67E4B9}"
EndProject
Global
	GlobalSection(SolutionConfigurationPlatforms) = preSolution
		Debug|Any CPU = Debug|Any CPU
		Release|Any CPU = Release|Any CPU
	EndGlobalSection
	GlobalSection(ProjectConfigurationPlatforms) = postSolution
		{B5E8B403-1893-4152-BE74-7854E69D76A5}.Debug|Any CPU.ActiveCfg = Debug|Any CPU
		{B5E8B403-1893-4152-BE74-7854E69D76A5}.Debug|Any CPU.Build.0 = Debug|Any CPU
		{B5E8B403-1893-4152-BE74-7854E69D76A5}.Release|Any CPU.ActiveCfg = Release|Any CPU
		{B5E8B403-1893-4152-BE74-7854E69D76A5}.Release|Any CPU.Build.0 = Release|Any CPU
		{BA2772E1-FFFD-4850-BDE5-8932D4390742}.Debug|Any CPU.ActiveCfg = Debug|Any CPU
		{BA2772E1-FFFD-4850-BDE5-8932D4390742}.Debug|Any CPU.Build.0 = Debug|Any CPU
		{BA2772E1-FFFD-4850-BDE5-8932D4390742}.Release|Any CPU.ActiveCfg = Release|Any CPU
		{BA2772E1-FFFD-4850-BDE5-8932D4390742}.Release|Any CPU.Build.0 = Release|Any CPU
		{AD6535D3-ED58-40D2-BBDF-85046E67E4B9}.Debug|Any CPU.ActiveCfg = Debug|Any CPU
		{AD6535D3-ED58-40D2-BBDF-85046E67E4B9}.Debug|Any CPU.Build.0 = Debug|Any CPU
		{AD6535D3-ED58-40D2-BBDF-85046E67E4B9}.Release|Any CPU.ActiveCfg = Release|Any CPU
		{AD6535D3-ED58-40D2-BBDF-85046E67E4B9}.Release|Any CPU.Build.0 = Release|Any CPU
	EndGlobalSection
	GlobalSection(SolutionProperties) = preSolution
		HideSolutionNode = FALSE
	EndGlobalSection
	GlobalSection(ExtensibilityGlobals) = postSolution
		SolutionGuid = {F0EC9493-F18C-4634-A489-E339E172AE29}
	EndGlobalSection
EndGlobal
